
Microsoft Visual Studio Solution File, Format Version 12.00
# Visual Studio Version 17
VisualStudioVersion = 17.0.31903.59
MinimumVisualStudioVersion = 10.0.40219.1
Project("{2150E333-8FDC-42A3-9474-1A3956D46DE8}") = "src", "src", "{7BE6BBA1-D04E-4E7F-BB6F-45AE074A46D6}"
EndProject
Project("{FAE04EC0-301F-11D3-BF4B-00C04F79EFBC}") = "BF2Presence", "src\BF2Presence\BF2Presence.csproj", "{56B94B96-4CE1-4D53-9426-4CDD0039B880}"
EndProject
Project("{2150E333-8FDC-42A3-9474-1A3956D46DE8}") = "tests", "tests", "{681880A0-3394-49C0-800E-BA3E98C9EB9D}"
EndProject
Project("{FAE04EC0-301F-11D3-BF4B-00C04F79EFBC}") = "BF2Presence.Tests", "tests\BF2Presence.Tests\BF2Presence.Tests.csproj", "{E7C3041B-81AB-4B93-ABB9-F68B6AEBBEFE}"
EndProject
Global
	GlobalSection(SolutionConfigurationPlatforms) = preSolution
		Debug|Any CPU = Debug|Any CPU
		Release|Any CPU = Release|Any CPU
	EndGlobalSection
	GlobalSection(SolutionProperties) = preSolution
		HideSolutionNode = FALSE
	EndGlobalSection
	GlobalSection(ProjectConfigurationPlatforms) = postSolution
		{56B94B96-4CE1-4D53-9426-4CDD0039B880}.Debug|Any CPU.ActiveCfg = Debug|Any CPU
		{56B94B96-4CE1-4D53-9426-4CDD0039B880}.Debug|Any CPU.Build.0 = Debug|Any CPU
		{56B94B96-4CE1-4D53-9426-4CDD0039B880}.Release|Any CPU.ActiveCfg = Release|Any CPU
		{56B94B96-4CE1-4D53-9426-4CDD0039B880}.Release|Any CPU.Build.0 = Release|Any CPU
		{E7C3041B-81AB-4B93-ABB9-F68B6AEBBEFE}.Debug|Any CPU.ActiveCfg = Debug|Any CPU
		{E7C3041B-81AB-4B93-ABB9-F68B6AEBBEFE}.Debug|Any CPU.Build.0 = Debug|Any CPU
		{E7C3041B-81AB-4B93-ABB9-F68B6AEBBEFE}.Release|Any CPU.ActiveCfg = Release|Any CPU
		{E7C3041B-81AB-4B93-ABB9-F68B6AEBBEFE}.Release|Any CPU.Build.0 = Release|Any CPU
	EndGlobalSection
	GlobalSection(NestedProjects) = preSolution
		{56B94B96-4CE1-4D53-9426-4CDD0039B880} = {7BE6BBA1-D04E-4E7F-BB6F-45AE074A46D6}
		{E7C3041B-81AB-4B93-ABB9-F68B6AEBBEFE} = {681880A0-3394-49C0-800E-BA3E98C9EB9D}
	EndGlobalSection
EndGlobal
